// !$*UTF8*$!
{
	archiveVersion = 1;
	classes = {
	};
	objectVersion = 48;
	objects = {

/* Begin PBXBuildFile section */
		3A3719CD1FC201150052A3A5 /* president.m in Sources */ = {isa = PBXBuildFile; fileRef = 3A3719CC1FC201150052A3A5 /* president.m */; };
		3A3719CF1FC21E510052A3A5 /* Files in Resources */ = {isa = PBXBuildFile; fileRef = 3A3719CE1FC21E510052A3A5 /* Files */; };
		3A58015B1FC1BA5D007DE4F4 /* AppDelegate.m in Sources */ = {isa = PBXBuildFile; fileRef = 3A58015A1FC1BA5D007DE4F4 /* AppDelegate.m */; };
		3A5801611FC1BA5D007DE4F4 /* Main.storyboard in Resources */ = {isa = PBXBuildFile; fileRef = 3A58015F1FC1BA5D007DE4F4 /* Main.storyboard */; };
		3A5801631FC1BA5D007DE4F4 /* Assets.xcassets in Resources */ = {isa = PBXBuildFile; fileRef = 3A5801621FC1BA5D007DE4F4 /* Assets.xcassets */; };
		3A5801661FC1BA5D007DE4F4 /* LaunchScreen.storyboard in Resources */ = {isa = PBXBuildFile; fileRef = 3A5801641FC1BA5D007DE4F4 /* LaunchScreen.storyboard */; };
		3A5801691FC1BA5D007DE4F4 /* main.m in Sources */ = {isa = PBXBuildFile; fileRef = 3A5801681FC1BA5D007DE4F4 /* main.m */; };
		3A5801711FC1BB78007DE4F4 /* tvcPresidents.m in Sources */ = {isa = PBXBuildFile; fileRef = 3A5801701FC1BB78007DE4F4 /* tvcPresidents.m */; };
		3A5801781FC1BBED007DE4F4 /* tvcCellPresidents.m in Sources */ = {isa = PBXBuildFile; fileRef = 3A5801771FC1BBED007DE4F4 /* tvcCellPresidents.m */; };
		3A58017B1FC1BC05007DE4F4 /* vcPresidentDetails.m in Sources */ = {isa = PBXBuildFile; fileRef = 3A58017A1FC1BC05007DE4F4 /* vcPresidentDetails.m */; };
		3A58017D1FC1BC3B007DE4F4 /* Presidents.plist in Resources */ = {isa = PBXBuildFile; fileRef = 3A58017C1FC1BC3B007DE4F4 /* Presidents.plist */; };
/* End PBXBuildFile section */

/* Begin PBXFileReference section */
		3A3719CB1FC201150052A3A5 /* president.h */ = {isa = PBXFileReference; lastKnownFileType = sourcecode.c.h; path = president.h; sourceTree = "<group>"; };
		3A3719CC1FC201150052A3A5 /* president.m */ = {isa = PBXFileReference; lastKnownFileType = sourcecode.c.objc; path = president.m; sourceTree = "<group>"; };
		3A3719CE1FC21E510052A3A5 /* Files */ = {isa = PBXFileReference; lastKnownFileType = folder; path = Files; sourceTree = "<group>"; };
		3A5801561FC1BA5D007DE4F4 /* HW02-Presidents.app */ = {isa = PBXFileReference; explicitFileType = wrapper.application; includeInIndex = 0; path = "HW02-Presidents.app"; sourceTree = BUILT_PRODUCTS_DIR; };
		3A5801591FC1BA5D007DE4F4 /* AppDelegate.h */ = {isa = PBXFileReference; lastKnownFileType = sourcecode.c.h; path = AppDelegate.h; sourceTree = "<group>"; };
		3A58015A1FC1BA5D007DE4F4 /* AppDelegate.m */ = {isa = PBXFileReference; lastKnownFileType = sourcecode.c.objc; path = AppDelegate.m; sourceTree = "<group>"; };
		3A5801601FC1BA5D007DE4F4 /* Base */ = {isa = PBXFileReference; lastKnownFileType = file.storyboard; name = Base; path = Base.lproj/Main.storyboard; sourceTree = "<group>"; };
		3A5801621FC1BA5D007DE4F4 /* Assets.xcassets */ = {isa = PBXFileReference; lastKnownFileType = folder.assetcatalog; path = Assets.xcassets; sourceTree = "<group>"; };
		3A5801651FC1BA5D007DE4F4 /* Base */ = {isa = PBXFileReference; lastKnownFileType = file.storyboard; name = Base; path = Base.lproj/LaunchScreen.storyboard; sourceTree = "<group>"; };
		3A5801671FC1BA5D007DE4F4 /* Info.plist */ = {isa = PBXFileReference; lastKnownFileType = text.plist.xml; path = Info.plist; sourceTree = "<group>"; };
		3A5801681FC1BA5D007DE4F4 /* main.m */ = {isa = PBXFileReference; lastKnownFileType = sourcecode.c.objc; path = main.m; sourceTree = "<group>"; };
		3A58016F1FC1BB78007DE4F4 /* tvcPresidents.h */ = {isa = PBXFileReference; lastKnownFileType = sourcecode.c.h; path = tvcPresidents.h; sourceTree = "<group>"; };
		3A5801701FC1BB78007DE4F4 /* tvcPresidents.m */ = {isa = PBXFileReference; lastKnownFileType = sourcecode.c.objc; path = tvcPresidents.m; sourceTree = "<group>"; };
		3A5801761FC1BBED007DE4F4 /* tvcCellPresidents.h */ = {isa = PBXFileReference; lastKnownFileType = sourcecode.c.h; path = tvcCellPresidents.h; sourceTree = "<group>"; };
		3A5801771FC1BBED007DE4F4 /* tvcCellPresidents.m */ = {isa = PBXFileReference; lastKnownFileType = sourcecode.c.objc; path = tvcCellPresidents.m; sourceTree = "<group>"; };
		3A5801791FC1BC05007DE4F4 /* vcPresidentDetails.h */ = {isa = PBXFileReference; lastKnownFileType = sourcecode.c.h; path = vcPresidentDetails.h; sourceTree = "<group>"; };
		3A58017A1FC1BC05007DE4F4 /* vcPresidentDetails.m */ = {isa = PBXFileReference; lastKnownFileType = sourcecode.c.objc; path = vcPresidentDetails.m; sourceTree = "<group>"; };
		3A58017C1FC1BC3B007DE4F4 /* Presidents.plist */ = {isa = PBXFileReference; lastKnownFileType = text.plist.xml; path = Presidents.plist; sourceTree = "<group>"; };
/* End PBXFileReference section */

/* Begin PBXFrameworksBuildPhase section */
		3A5801531FC1BA5D007DE4F4 /* Frameworks */ = {
			isa = PBXFrameworksBuildPhase;
			buildActionMask = 2147483647;
			files = (
			);
			runOnlyForDeploymentPostprocessing = 0;
		};
/* End PBXFrameworksBuildPhase section */

/* Begin PBXGroup section */
		3A58014D1FC1BA5D007DE4F4 = {
			isa = PBXGroup;
			children = (
				3A5801721FC1BB7F007DE4F4 /* CodeFiles */,
				3A5801581FC1BA5D007DE4F4 /* HW02-Presidents */,
				3A5801571FC1BA5D007DE4F4 /* Products */,
				3A3719CE1FC21E510052A3A5 /* Files */,
			);
			sourceTree = "<group>";
		};
		3A5801571FC1BA5D007DE4F4 /* Products */ = {
			isa = PBXGroup;
			children = (
				3A5801561FC1BA5D007DE4F4 /* HW02-Presidents.app */,
			);
			name = Products;
			sourceTree = "<group>";
		};
		3A5801581FC1BA5D007DE4F4 /* HW02-Presidents */ = {
			isa = PBXGroup;
			children = (
				3A5801591FC1BA5D007DE4F4 /* AppDelegate.h */,
				3A58015A1FC1BA5D007DE4F4 /* AppDelegate.m */,
				3A58015F1FC1BA5D007DE4F4 /* Main.storyboard */,
				3A5801621FC1BA5D007DE4F4 /* Assets.xcassets */,
				3A5801641FC1BA5D007DE4F4 /* LaunchScreen.storyboard */,
				3A5801671FC1BA5D007DE4F4 /* Info.plist */,
				3A5801681FC1BA5D007DE4F4 /* main.m */,
			);
			path = "HW02-Presidents";
			sourceTree = "<group>";
		};
		3A5801721FC1BB7F007DE4F4 /* CodeFiles */ = {
			isa = PBXGroup;
			children = (
				3A58016F1FC1BB78007DE4F4 /* tvcPresidents.h */,
				3A5801701FC1BB78007DE4F4 /* tvcPresidents.m */,
				3A5801761FC1BBED007DE4F4 /* tvcCellPresidents.h */,
				3A5801771FC1BBED007DE4F4 /* tvcCellPresidents.m */,
				3A5801791FC1BC05007DE4F4 /* vcPresidentDetails.h */,
				3A58017A1FC1BC05007DE4F4 /* vcPresidentDetails.m */,
				3A58017C1FC1BC3B007DE4F4 /* Presidents.plist */,
				3A3719CB1FC201150052A3A5 /* president.h */,
				3A3719CC1FC201150052A3A5 /* president.m */,
			);
			path = CodeFiles;
			sourceTree = "<group>";
		};
/* End PBXGroup section */

/* Begin PBXNativeTarget section */
		3A5801551FC1BA5D007DE4F4 /* HW02-Presidents */ = {
			isa = PBXNativeTarget;
			buildConfigurationList = 3A58016C1FC1BA5D007DE4F4 /* Build configuration list for PBXNativeTarget "HW02-Presidents" */;
			buildPhases = (
				3A5801521FC1BA5D007DE4F4 /* Sources */,
				3A5801531FC1BA5D007DE4F4 /* Frameworks */,
				3A5801541FC1BA5D007DE4F4 /* Resources */,
			);
			buildRules = (
			);
			dependencies = (
			);
			name = "HW02-Presidents";
			productName = "HW02-Presidents";
			productReference = 3A5801561FC1BA5D007DE4F4 /* HW02-Presidents.app */;
			productType = "com.apple.product-type.application";
		};
/* End PBXNativeTarget section */

/* Begin PBXProject section */
		3A58014E1FC1BA5D007DE4F4 /* Project object */ = {
			isa = PBXProject;
			attributes = {
				LastUpgradeCheck = 0900;
				ORGANIZATIONNAME = "PAUL CHRISTIAN";
				TargetAttributes = {
					3A5801551FC1BA5D007DE4F4 = {
						CreatedOnToolsVersion = 9.0.1;
						ProvisioningStyle = Automatic;
					};
				};
			};
			buildConfigurationList = 3A5801511FC1BA5D007DE4F4 /* Build configuration list for PBXProject "HW02-Presidents" */;
			compatibilityVersion = "Xcode 8.0";
			developmentRegion = en;
			hasScannedForEncodings = 0;
			knownRegions = (
				en,
				Base,
			);
			mainGroup = 3A58014D1FC1BA5D007DE4F4;
			productRefGroup = 3A5801571FC1BA5D007DE4F4 /* Products */;
			projectDirPath = "";
			projectRoot = "";
			targets = (
				3A5801551FC1BA5D007DE4F4 /* HW02-Presidents */,
			);
		};
/* End PBXProject section */

/* Begin PBXResourcesBuildPhase section */
		3A5801541FC1BA5D007DE4F4 /* Resources */ = {
			isa = PBXResourcesBuildPhase;
			buildActionMask = 2147483647;
			files = (
				3A5801661FC1BA5D007DE4F4 /* LaunchScreen.storyboard in Resources */,
				3A5801631FC1BA5D007DE4F4 /* Assets.xcassets in Resources */,
				3A3719CF1FC21E510052A3A5 /* Files in Resources */,
				3A5801611FC1BA5D007DE4F4 /* Main.storyboard in Resources */,
				3A58017D1FC1BC3B007DE4F4 /* Presidents.plist in Resources */,
			);
			runOnlyForDeploymentPostprocessing = 0;
		};
/* End PBXResourcesBuildPhase section */

/* Begin PBXSourcesBuildPhase section */
		3A5801521FC1BA5D007DE4F4 /* Sources */ = {
			isa = PBXSourcesBuildPhase;
			buildActionMask = 2147483647;
			files = (
				3A5801781FC1BBED007DE4F4 /* tvcCellPresidents.m in Sources */,
				3A5801691FC1BA5D007DE4F4 /* main.m in Sources */,
				3A58015B1FC1BA5D007DE4F4 /* AppDelegate.m in Sources */,
				3A58017B1FC1BC05007DE4F4 /* vcPresidentDetails.m in Sources */,
				3A3719CD1FC201150052A3A5 /* president.m in Sources */,
				3A5801711FC1BB78007DE4F4 /* tvcPresidents.m in Sources */,
			);
			runOnlyForDeploymentPostprocessing = 0;
		};
/* End PBXSourcesBuildPhase section */

/* Begin PBXVariantGroup section */
		3A58015F1FC1BA5D007DE4F4 /* Main.storyboard */ = {
			isa = PBXVariantGroup;
			children = (
				3A5801601FC1BA5D007DE4F4 /* Base */,
			);
			name = Main.storyboard;
			sourceTree = "<group>";
		};
		3A5801641FC1BA5D007DE4F4 /* LaunchScreen.storyboard */ = {
			isa = PBXVariantGroup;
			children = (
				3A5801651FC1BA5D007DE4F4 /* Base */,
			);
			name = LaunchScreen.storyboard;
			sourceTree = "<group>";
		};
/* End PBXVariantGroup section */

/* Begin XCBuildConfiguration section */
		3A58016A1FC1BA5D007DE4F4 /* Debug */ = {
			isa = XCBuildConfiguration;
			buildSettings = {
				ALWAYS_SEARCH_USER_PATHS = NO;
				CLANG_ANALYZER_NONNULL = YES;
				CLANG_ANALYZER_NUMBER_OBJECT_CONVERSION = YES_AGGRESSIVE;
				CLANG_CXX_LANGUAGE_STANDARD = "gnu++14";
				CLANG_CXX_LIBRARY = "libc++";
				CLANG_ENABLE_MODULES = YES;
				CLANG_ENABLE_OBJC_ARC = YES;
				CLANG_WARN_BLOCK_CAPTURE_AUTORELEASING = YES;
				CLANG_WARN_BOOL_CONVERSION = YES;
				CLANG_WARN_COMMA = YES;
				CLANG_WARN_CONSTANT_CONVERSION = YES;
				CLANG_WARN_DIRECT_OBJC_ISA_USAGE = YES_ERROR;
				CLANG_WARN_DOCUMENTATION_COMMENTS = YES;
				CLANG_WARN_EMPTY_BODY = YES;
				CLANG_WARN_ENUM_CONVERSION = YES;
				CLANG_WARN_INFINITE_RECURSION = YES;
				CLANG_WARN_INT_CONVERSION = YES;
				CLANG_WARN_NON_LITERAL_NULL_CONVERSION = YES;
				CLANG_WARN_OBJC_LITERAL_CONVERSION = YES;
				CLANG_WARN_OBJC_ROOT_CLASS = YES_ERROR;
				CLANG_WARN_RANGE_LOOP_ANALYSIS = YES;
				CLANG_WARN_STRICT_PROTOTYPES = YES;
				CLANG_WARN_SUSPICIOUS_MOVE = YES;
				CLANG_WARN_UNGUARDED_AVAILABILITY = YES_AGGRESSIVE;
				CLANG_WARN_UNREACHABLE_CODE = YES;
				CLANG_WARN__DUPLICATE_METHOD_MATCH = YES;
				CODE_SIGN_IDENTITY = "iPhone Developer";
				COPY_PHASE_STRIP = NO;
				DEBUG_INFORMATION_FORMAT = dwarf;
				ENABLE_STRICT_OBJC_MSGSEND = YES;
				ENABLE_TESTABILITY = YES;
				GCC_C_LANGUAGE_STANDARD = gnu11;
				GCC_DYNAMIC_NO_PIC = NO;
				GCC_NO_COMMON_BLOCKS = YES;
				GCC_OPTIMIZATION_LEVEL = 0;
				GCC_PREPROCESSOR_DEFINITIONS = (
					"DEBUG=1",
					"$(inherited)",
				);
				GCC_WARN_64_TO_32_BIT_CONVERSION = YES;
				GCC_WARN_ABOUT_RETURN_TYPE = YES_ERROR;
				GCC_WARN_UNDECLARED_SELECTOR = YES;
				GCC_WARN_UNINITIALIZED_AUTOS = YES_AGGRESSIVE;
				GCC_WARN_UNUSED_FUNCTION = YES;
				GCC_WARN_UNUSED_VARIABLE = YES;
				IPHONEOS_DEPLOYMENT_TARGET = 11.0;
				MTL_ENABLE_DEBUG_INFO = YES;
				ONLY_ACTIVE_ARCH = YES;
				SDKROOT = iphoneos;
			};
			name = Debug;
		};
		3A58016B1FC1BA5D007DE4F4 /* Release */ = {
			isa = XCBuildConfiguration;
			buildSettings = {
				ALWAYS_SEARCH_USER_PATHS = NO;
				CLANG_ANALYZER_NONNULL = YES;
				CLANG_ANALYZER_NUMBER_OBJECT_CONVERSION = YES_AGGRESSIVE;
				CLANG_CXX_LANGUAGE_STANDARD = "gnu++14";
				CLANG_CXX_LIBRARY = "libc++";
				CLANG_ENABLE_MODULES = YES;
				CLANG_ENABLE_OBJC_ARC = YES;
				CLANG_WARN_BLOCK_CAPTURE_AUTORELEASING = YES;
				CLANG_WARN_BOOL_CONVERSION = YES;
				CLANG_WARN_COMMA = YES;
				CLANG_WARN_CONSTANT_CONVERSION = YES;
				CLANG_WARN_DIRECT_OBJC_ISA_USAGE = YES_ERROR;
				CLANG_WARN_DOCUMENTATION_COMMENTS = YES;
				CLANG_WARN_EMPTY_BODY = YES;
				CLANG_WARN_ENUM_CONVERSION = YES;
				CLANG_WARN_INFINITE_RECURSION = YES;
				CLANG_WARN_INT_CONVERSION = YES;
				CLANG_WARN_NON_LITERAL_NULL_CONVERSION = YES;
				CLANG_WARN_OBJC_LITERAL_CONVERSION = YES;
				CLANG_WARN_OBJC_ROOT_CLASS = YES_ERROR;
				CLANG_WARN_RANGE_LOOP_ANALYSIS = YES;
				CLANG_WARN_STRICT_PROTOTYPES = YES;
				CLANG_WARN_SUSPICIOUS_MOVE = YES;
				CLANG_WARN_UNGUARDED_AVAILABILITY = YES_AGGRESSIVE;
				CLANG_WARN_UNREACHABLE_CODE = YES;
				CLANG_WARN__DUPLICATE_METHOD_MATCH = YES;
				CODE_SIGN_IDENTITY = "iPhone Developer";
				COPY_PHASE_STRIP = NO;
				DEBUG_INFORMATION_FORMAT = "dwarf-with-dsym";
				ENABLE_NS_ASSERTIONS = NO;
				ENABLE_STRICT_OBJC_MSGSEND = YES;
				GCC_C_LANGUAGE_STANDARD = gnu11;
				GCC_NO_COMMON_BLOCKS = YES;
				GCC_WARN_64_TO_32_BIT_CONVERSION = YES;
				GCC_WARN_ABOUT_RETURN_TYPE = YES_ERROR;
				GCC_WARN_UNDECLARED_SELECTOR = YES;
				GCC_WARN_UNINITIALIZED_AUTOS = YES_AGGRESSIVE;
				GCC_WARN_UNUSED_FUNCTION = YES;
				GCC_WARN_UNUSED_VARIABLE = YES;
				IPHONEOS_DEPLOYMENT_TARGET = 11.0;
				MTL_ENABLE_DEBUG_INFO = NO;
				SDKROOT = iphoneos;
				VALIDATE_PRODUCT = YES;
			};
			name = Release;
		};
		3A58016D1FC1BA5D007DE4F4 /* Debug */ = {
			isa = XCBuildConfiguration;
			buildSettings = {
				ASSETCATALOG_COMPILER_APPICON_NAME = AppIcon;
				CODE_SIGN_STYLE = Automatic;
				DEVELOPMENT_TEAM = AV46K6824E;
				INFOPLIST_FILE = "HW02-Presidents/Info.plist";
				LD_RUNPATH_SEARCH_PATHS = "$(inherited) @executable_path/Frameworks";
				PRODUCT_BUNDLE_IDENTIFIER = "online.geex.HW02-Presidents";
				PRODUCT_NAME = "$(TARGET_NAME)";
				TARGETED_DEVICE_FAMILY = "1,2";
			};
			name = Debug;
		};
		3A58016E1FC1BA5D007DE4F4 /* Release */ = {
			isa = XCBuildConfiguration;
			buildSettings = {
				ASSETCATALOG_COMPILER_APPICON_NAME = AppIcon;
				CODE_SIGN_STYLE = Automatic;
				DEVELOPMENT_TEAM = AV46K6824E;
				INFOPLIST_FILE = "HW02-Presidents/Info.plist";
				LD_RUNPATH_SEARCH_PATHS = "$(inherited) @executable_path/Frameworks";
				PRODUCT_BUNDLE_IDENTIFIER = "online.geex.HW02-Presidents";
				PRODUCT_NAME = "$(TARGET_NAME)";
				TARGETED_DEVICE_FAMILY = "1,2";
			};
			name = Release;
		};
/* End XCBuildConfiguration section */

/* Begin XCConfigurationList section */
		3A5801511FC1BA5D007DE4F4 /* Build configuration list for PBXProject "HW02-Presidents" */ = {
			isa = XCConfigurationList;
			buildConfigurations = (
				3A58016A1FC1BA5D007DE4F4 /* Debug */,
				3A58016B1FC1BA5D007DE4F4 /* Release */,
			);
			defaultConfigurationIsVisible = 0;
			defaultConfigurationName = Release;
		};
		3A58016C1FC1BA5D007DE4F4 /* Build configuration list for PBXNativeTarget "HW02-Presidents" */ = {
			isa = XCConfigurationList;
			buildConfigurations = (
				3A58016D1FC1BA5D007DE4F4 /* Debug */,
				3A58016E1FC1BA5D007DE4F4 /* Release */,
			);
			defaultConfigurationIsVisible = 0;
			defaultConfigurationName = Release;
		};
/* End XCConfigurationList section */
	};
	rootObject = 3A58014E1FC1BA5D007DE4F4 /* Project object */;
}
